
Microsoft Visual Studio Solution File, Format Version 12.00
# Visual Studio Version 16
VisualStudioVersion = 16.0.28803.156
MinimumVisualStudioVersion = 10.0.40219.1
Project("{FAE04EC0-301F-11D3-BF4B-00C04F79EFBC}") = "ListActivities", "ListActivities\ListActivities.csproj", "{27BD530F-91D5-4910-9766-E3FF59A90B44}"
EndProject
Global
	GlobalSection(SolutionConfigurationPlatforms) = preSolution
		Debug|Any CPU = Debug|Any CPU
		Release|Any CPU = Release|Any CPU
	EndGlobalSection
	GlobalSection(ProjectConfigurationPlatforms) = postSolution
		{27BD530F-91D5-4910-9766-E3FF59A90B44}.Debug|Any CPU.ActiveCfg = Debug|Any CPU
		{27BD530F-91D5-4910-9766-E3FF59A90B44}.Debug|Any CPU.Build.0 = Debug|Any CPU
		{27BD530F-91D5-4910-9766-E3FF59A90B44}.Release|Any CPU.ActiveCfg = Release|Any CPU
		{27BD530F-91D5-4910-9766-E3FF59A90B44}.Release|Any CPU.Build.0 = Release|Any CPU
	EndGlobalSection
	GlobalSection(SolutionProperties) = preSolution
		HideSolutionNode = FALSE
	EndGlobalSection
	GlobalSection(ExtensibilityGlobals) = postSolution
		SolutionGuid = {99D16F1D-7FD8-43C4-B28E-4902D99D7AE5}
	EndGlobalSection
EndGlobal
